{
  "name": "examples",
  "version": "1.0.0",
  "lockfileVersion": 3,
  "requires": true,
  "packages": {
    "": {
      "name": "examples",
      "version": "1.0.0",
      "license": "ISC",
      "dependencies": {
        "mql-interpreter": "^0.1.2"
      }
    },
    "node_modules/mql-interpreter": {
      "version": "0.1.2",
      "resolved": "https://registry.npmjs.org/mql-interpreter/-/mql-interpreter-0.1.2.tgz",
      "integrity": "sha512-5us+FsS8pBi4Ya+B36KJwPD4lf26RLSuZlx9HhAQjesk354AChhfijfT6kOzwBQiTefszZhtFolLJEftuO+FIg==",
      "bin": {
        "mql-interpreter": "dist/cli.cjs",
        "mqli": "dist/cli.cjs"
      }
    }
  }
}
