{
  "name": "examples",
  "version": "1.0.0",
  "lockfileVersion": 3,
  "requires": true,
  "packages": {
    "": {
      "name": "examples",
      "version": "1.0.0",
      "license": "ISC",
      "dependencies": {
        "mql-interpreter": "^0.1.3"
      }
    },
    "node_modules/mql-interpreter": {
      "version": "0.1.3",
      "resolved": "https://registry.npmjs.org/mql-interpreter/-/mql-interpreter-0.1.3.tgz",
      "integrity": "sha512-N13LX6Tbj+GD5EplinG6wNJh0tDaKE1E/VdgYoCSE3Ri0/Yu9Y0YS20MdXgc6OQ9c3okwHH/Fc44bmGpL19nPA==",
      "bin": {
        "mql-interpreter": "dist/cli.cjs",
        "mqli": "dist/cli.cjs"
      }
    }
  }
}
