{
  "name": "examples",
  "version": "1.0.0",
  "lockfileVersion": 3,
  "requires": true,
  "packages": {
    "": {
      "name": "examples",
      "version": "1.0.0",
      "license": "ISC",
      "dependencies": {
        "mql-interpreter": "^0.1.0"
      }
    },
    "node_modules/mql-interpreter": {
      "version": "0.1.0",
      "resolved": "https://registry.npmjs.org/mql-interpreter/-/mql-interpreter-0.1.0.tgz",
      "integrity": "sha512-BJCToPIqNlRtT4ReTU4HtHP8T1VZ6rpwRUtCB36fd9mEqOpwiyKeKzJ7hQUAQvAqv1c26pYpDn8UCSOll9+CFg==",
      "bin": {
        "mql-interpreter": "dist/cli.cjs",
        "mqli": "dist/cli.cjs"
      }
    }
  }
}
