
Microsoft Visual Studio Solution File, Format Version 12.00
# Visual Studio Version 17
VisualStudioVersion = 17.0.31903.59
MinimumVisualStudioVersion = 10.0.40219.1
Project("{FAE04EC0-301F-11D3-BF4B-00C04F79EFBC}") = "Stratrack.Api", "Stratrack.Api\Stratrack.Api.csproj", "{12089A8C-B2FE-46A1-9B8C-321C4979114D}"
EndProject
Project("{FAE04EC0-301F-11D3-BF4B-00C04F79EFBC}") = "Stratrack.Api.Tests", "Stratrack.Api.Tests\Stratrack.Api.Tests.csproj", "{DEFB1610-ADDF-4D5F-9928-01F95652AD83}"
EndProject
Global
	GlobalSection(SolutionConfigurationPlatforms) = preSolution
		Debug|Any CPU = Debug|Any CPU
		Release|Any CPU = Release|Any CPU
	EndGlobalSection
	GlobalSection(SolutionProperties) = preSolution
		HideSolutionNode = FALSE
	EndGlobalSection
	GlobalSection(ProjectConfigurationPlatforms) = postSolution
		{12089A8C-B2FE-46A1-9B8C-321C4979114D}.Debug|Any CPU.ActiveCfg = Debug|Any CPU
		{12089A8C-B2FE-46A1-9B8C-321C4979114D}.Debug|Any CPU.Build.0 = Debug|Any CPU
		{12089A8C-B2FE-46A1-9B8C-321C4979114D}.Release|Any CPU.ActiveCfg = Release|Any CPU
		{12089A8C-B2FE-46A1-9B8C-321C4979114D}.Release|Any CPU.Build.0 = Release|Any CPU
		{DEFB1610-ADDF-4D5F-9928-01F95652AD83}.Debug|Any CPU.ActiveCfg = Debug|Any CPU
		{DEFB1610-ADDF-4D5F-9928-01F95652AD83}.Debug|Any CPU.Build.0 = Debug|Any CPU
		{DEFB1610-ADDF-4D5F-9928-01F95652AD83}.Release|Any CPU.ActiveCfg = Release|Any CPU
		{DEFB1610-ADDF-4D5F-9928-01F95652AD83}.Release|Any CPU.Build.0 = Release|Any CPU
	EndGlobalSection
EndGlobal
